
Microsoft Visual Studio Solution File, Format Version 12.00
# Visual Studio Version 17
VisualStudioVersion = 17.7.34031.279
MinimumVisualStudioVersion = 10.0.40219.1
Project("{FAE04EC0-301F-11D3-BF4B-00C04F79EFBC}") = "FireEventV2", "FireEventV2\FireEventV2.csproj", "{2B660FBE-9482-40F9-B217-BF86FC517CD6}"
EndProject
Project("{FAE04EC0-301F-11D3-BF4B-00C04F79EFBC}") = "Patholab_Common", "..\Patholab_Common\Patholab_Common.csproj", "{A60242B9-5382-4A90-91F8-F390DA706AE7}"
EndProject
Global
	GlobalSection(SolutionConfigurationPlatforms) = preSolution
		Debug|Any CPU = Debug|Any CPU
		Release|Any CPU = Release|Any CPU
	EndGlobalSection
	GlobalSection(ProjectConfigurationPlatforms) = postSolution
		{2B660FBE-9482-40F9-B217-BF86FC517CD6}.Debug|Any CPU.ActiveCfg = Debug|Any CPU
		{2B660FBE-9482-40F9-B217-BF86FC517CD6}.Debug|Any CPU.Build.0 = Debug|Any CPU
		{2B660FBE-9482-40F9-B217-BF86FC517CD6}.Release|Any CPU.ActiveCfg = Release|Any CPU
		{2B660FBE-9482-40F9-B217-BF86FC517CD6}.Release|Any CPU.Build.0 = Release|Any CPU
		{A60242B9-5382-4A90-91F8-F390DA706AE7}.Debug|Any CPU.ActiveCfg = Debug|Any CPU
		{A60242B9-5382-4A90-91F8-F390DA706AE7}.Debug|Any CPU.Build.0 = Debug|Any CPU
		{A60242B9-5382-4A90-91F8-F390DA706AE7}.Release|Any CPU.ActiveCfg = Release|Any CPU
		{A60242B9-5382-4A90-91F8-F390DA706AE7}.Release|Any CPU.Build.0 = Release|Any CPU
	EndGlobalSection
	GlobalSection(SolutionProperties) = preSolution
		HideSolutionNode = FALSE
	EndGlobalSection
EndGlobal
